// !$*UTF8*$!
{
	archiveVersion = 1;
	classes = {
	};
	objectVersion = 48;
	objects = {

/* Begin PBXBuildFile section */
		CA7468111FCC32C20065D809 /* LocalNotificationProtocol.swift in Sources */ = {isa = PBXBuildFile; fileRef = CA7468101FCC32C20065D809 /* LocalNotificationProtocol.swift */; };
		CA7468131FCC32E10065D809 /* LocalNotificationiOS9.swift in Sources */ = {isa = PBXBuildFile; fileRef = CA7468121FCC32E10065D809 /* LocalNotificationiOS9.swift */; };
		CA7468151FCC32F40065D809 /* LocalNotificationiOS10.swift in Sources */ = {isa = PBXBuildFile; fileRef = CA7468141FCC32F40065D809 /* LocalNotificationiOS10.swift */; };
		CA7468171FCC3B420065D809 /* LocalNotificationItem.swift in Sources */ = {isa = PBXBuildFile; fileRef = CA7468161FCC3B420065D809 /* LocalNotificationItem.swift */; };
		CA8487301FC84FD200396309 /* AppDelegate.swift in Sources */ = {isa = PBXBuildFile; fileRef = CA84872F1FC84FD200396309 /* AppDelegate.swift */; };
		CA8487321FC84FD200396309 /* NotificationsViewController.swift in Sources */ = {isa = PBXBuildFile; fileRef = CA8487311FC84FD200396309 /* NotificationsViewController.swift */; };
		CA8487351FC84FD200396309 /* Main.storyboard in Resources */ = {isa = PBXBuildFile; fileRef = CA8487331FC84FD200396309 /* Main.storyboard */; };
		CA8487371FC84FD200396309 /* Assets.xcassets in Resources */ = {isa = PBXBuildFile; fileRef = CA8487361FC84FD200396309 /* Assets.xcassets */; };
		CA84873A1FC84FD200396309 /* LaunchScreen.storyboard in Resources */ = {isa = PBXBuildFile; fileRef = CA8487381FC84FD200396309 /* LaunchScreen.storyboard */; };
		CA8487441FC8526400396309 /* NotificationDetailsViewController.swift in Sources */ = {isa = PBXBuildFile; fileRef = CA8487431FC8526400396309 /* NotificationDetailsViewController.swift */; };
/* End PBXBuildFile section */

/* Begin PBXFileReference section */
		CA7468101FCC32C20065D809 /* LocalNotificationProtocol.swift */ = {isa = PBXFileReference; lastKnownFileType = sourcecode.swift; path = LocalNotificationProtocol.swift; sourceTree = "<group>"; };
		CA7468121FCC32E10065D809 /* LocalNotificationiOS9.swift */ = {isa = PBXFileReference; lastKnownFileType = sourcecode.swift; path = LocalNotificationiOS9.swift; sourceTree = "<group>"; };
		CA7468141FCC32F40065D809 /* LocalNotificationiOS10.swift */ = {isa = PBXFileReference; lastKnownFileType = sourcecode.swift; path = LocalNotificationiOS10.swift; sourceTree = "<group>"; };
		CA7468161FCC3B420065D809 /* LocalNotificationItem.swift */ = {isa = PBXFileReference; lastKnownFileType = sourcecode.swift; path = LocalNotificationItem.swift; sourceTree = "<group>"; };
		CA84872C1FC84FD200396309 /* Introduction to Notifications.app */ = {isa = PBXFileReference; explicitFileType = wrapper.application; includeInIndex = 0; path = "Introduction to Notifications.app"; sourceTree = BUILT_PRODUCTS_DIR; };
		CA84872F1FC84FD200396309 /* AppDelegate.swift */ = {isa = PBXFileReference; lastKnownFileType = sourcecode.swift; path = AppDelegate.swift; sourceTree = "<group>"; };
		CA8487311FC84FD200396309 /* NotificationsViewController.swift */ = {isa = PBXFileReference; lastKnownFileType = sourcecode.swift; path = NotificationsViewController.swift; sourceTree = "<group>"; };
		CA8487341FC84FD200396309 /* Base */ = {isa = PBXFileReference; lastKnownFileType = file.storyboard; name = Base; path = Base.lproj/Main.storyboard; sourceTree = "<group>"; };
		CA8487361FC84FD200396309 /* Assets.xcassets */ = {isa = PBXFileReference; lastKnownFileType = folder.assetcatalog; path = Assets.xcassets; sourceTree = "<group>"; };
		CA8487391FC84FD200396309 /* Base */ = {isa = PBXFileReference; lastKnownFileType = file.storyboard; name = Base; path = Base.lproj/LaunchScreen.storyboard; sourceTree = "<group>"; };
		CA84873B1FC84FD200396309 /* Info.plist */ = {isa = PBXFileReference; lastKnownFileType = text.plist.xml; path = Info.plist; sourceTree = "<group>"; };
		CA8487431FC8526400396309 /* NotificationDetailsViewController.swift */ = {isa = PBXFileReference; lastKnownFileType = sourcecode.swift; path = NotificationDetailsViewController.swift; sourceTree = "<group>"; };
/* End PBXFileReference section */

/* Begin PBXFrameworksBuildPhase section */
		CA8487291FC84FD200396309 /* Frameworks */ = {
			isa = PBXFrameworksBuildPhase;
			buildActionMask = 2147483647;
			files = (
			);
			runOnlyForDeploymentPostprocessing = 0;
		};
/* End PBXFrameworksBuildPhase section */

/* Begin PBXGroup section */
		CA8487231FC84FD200396309 = {
			isa = PBXGroup;
			children = (
				CA84872E1FC84FD200396309 /* Introduction to Notifications */,
				CA84872D1FC84FD200396309 /* Products */,
			);
			sourceTree = "<group>";
		};
		CA84872D1FC84FD200396309 /* Products */ = {
			isa = PBXGroup;
			children = (
				CA84872C1FC84FD200396309 /* Introduction to Notifications.app */,
			);
			name = Products;
			sourceTree = "<group>";
		};
		CA84872E1FC84FD200396309 /* Introduction to Notifications */ = {
			isa = PBXGroup;
			children = (
				CA84872F1FC84FD200396309 /* AppDelegate.swift */,
				CA8487311FC84FD200396309 /* NotificationsViewController.swift */,
				CA8487431FC8526400396309 /* NotificationDetailsViewController.swift */,
				CA7468161FCC3B420065D809 /* LocalNotificationItem.swift */,
				CA7468101FCC32C20065D809 /* LocalNotificationProtocol.swift */,
				CA7468121FCC32E10065D809 /* LocalNotificationiOS9.swift */,
				CA7468141FCC32F40065D809 /* LocalNotificationiOS10.swift */,
				CA8487331FC84FD200396309 /* Main.storyboard */,
				CA8487361FC84FD200396309 /* Assets.xcassets */,
				CA8487381FC84FD200396309 /* LaunchScreen.storyboard */,
				CA84873B1FC84FD200396309 /* Info.plist */,
			);
			path = "Introduction to Notifications";
			sourceTree = "<group>";
		};
/* End PBXGroup section */

/* Begin PBXNativeTarget section */
		CA84872B1FC84FD200396309 /* Introduction to Notifications */ = {
			isa = PBXNativeTarget;
			buildConfigurationList = CA84873E1FC84FD200396309 /* Build configuration list for PBXNativeTarget "Introduction to Notifications" */;
			buildPhases = (
				CA8487281FC84FD200396309 /* Sources */,
				CA8487291FC84FD200396309 /* Frameworks */,
				CA84872A1FC84FD200396309 /* Resources */,
			);
			buildRules = (
			);
			dependencies = (
			);
			name = "Introduction to Notifications";
			productName = "Introduction to Notifications";
			productReference = CA84872C1FC84FD200396309 /* Introduction to Notifications.app */;
			productType = "com.apple.product-type.application";
		};
/* End PBXNativeTarget section */

/* Begin PBXProject section */
		CA8487241FC84FD200396309 /* Project object */ = {
			isa = PBXProject;
			attributes = {
				LastSwiftUpdateCheck = 0910;
				LastUpgradeCheck = 0910;
				ORGANIZATIONNAME = "Pedro Moitinho";
				TargetAttributes = {
					CA84872B1FC84FD200396309 = {
						CreatedOnToolsVersion = 9.1;
						ProvisioningStyle = Automatic;
					};
				};
			};
			buildConfigurationList = CA8487271FC84FD200396309 /* Build configuration list for PBXProject "Introduction to Notifications" */;
			compatibilityVersion = "Xcode 8.0";
			developmentRegion = en;
			hasScannedForEncodings = 0;
			knownRegions = (
				en,
				Base,
			);
			mainGroup = CA8487231FC84FD200396309;
			productRefGroup = CA84872D1FC84FD200396309 /* Products */;
			projectDirPath = "";
			projectRoot = "";
			targets = (
				CA84872B1FC84FD200396309 /* Introduction to Notifications */,
			);
		};
/* End PBXProject section */

/* Begin PBXResourcesBuildPhase section */
		CA84872A1FC84FD200396309 /* Resources */ = {
			isa = PBXResourcesBuildPhase;
			buildActionMask = 2147483647;
			files = (
				CA84873A1FC84FD200396309 /* LaunchScreen.storyboard in Resources */,
				CA8487371FC84FD200396309 /* Assets.xcassets in Resources */,
				CA8487351FC84FD200396309 /* Main.storyboard in Resources */,
			);
			runOnlyForDeploymentPostprocessing = 0;
		};
/* End PBXResourcesBuildPhase section */

/* Begin PBXSourcesBuildPhase section */
		CA8487281FC84FD200396309 /* Sources */ = {
			isa = PBXSourcesBuildPhase;
			buildActionMask = 2147483647;
			files = (
				CA7468131FCC32E10065D809 /* LocalNotificationiOS9.swift in Sources */,
				CA7468151FCC32F40065D809 /* LocalNotificationiOS10.swift in Sources */,
				CA7468171FCC3B420065D809 /* LocalNotificationItem.swift in Sources */,
				CA8487321FC84FD200396309 /* NotificationsViewController.swift in Sources */,
				CA8487441FC8526400396309 /* NotificationDetailsViewController.swift in Sources */,
				CA7468111FCC32C20065D809 /* LocalNotificationProtocol.swift in Sources */,
				CA8487301FC84FD200396309 /* AppDelegate.swift in Sources */,
			);
			runOnlyForDeploymentPostprocessing = 0;
		};
/* End PBXSourcesBuildPhase section */

/* Begin PBXVariantGroup section */
		CA8487331FC84FD200396309 /* Main.storyboard */ = {
			isa = PBXVariantGroup;
			children = (
				CA8487341FC84FD200396309 /* Base */,
			);
			name = Main.storyboard;
			sourceTree = "<group>";
		};
		CA8487381FC84FD200396309 /* LaunchScreen.storyboard */ = {
			isa = PBXVariantGroup;
			children = (
				CA8487391FC84FD200396309 /* Base */,
			);
			name = LaunchScreen.storyboard;
			sourceTree = "<group>";
		};
/* End PBXVariantGroup section */

/* Begin XCBuildConfiguration section */
		CA84873C1FC84FD200396309 /* Debug */ = {
			isa = XCBuildConfiguration;
			buildSettings = {
				ALWAYS_SEARCH_USER_PATHS = NO;
				CLANG_ANALYZER_NONNULL = YES;
				CLANG_ANALYZER_NUMBER_OBJECT_CONVERSION = YES_AGGRESSIVE;
				CLANG_CXX_LANGUAGE_STANDARD = "gnu++14";
				CLANG_CXX_LIBRARY = "libc++";
				CLANG_ENABLE_MODULES = YES;
				CLANG_ENABLE_OBJC_ARC = YES;
				CLANG_WARN_BLOCK_CAPTURE_AUTORELEASING = YES;
				CLANG_WARN_BOOL_CONVERSION = YES;
				CLANG_WARN_COMMA = YES;
				CLANG_WARN_CONSTANT_CONVERSION = YES;
				CLANG_WARN_DIRECT_OBJC_ISA_USAGE = YES_ERROR;
				CLANG_WARN_DOCUMENTATION_COMMENTS = YES;
				CLANG_WARN_EMPTY_BODY = YES;
				CLANG_WARN_ENUM_CONVERSION = YES;
				CLANG_WARN_INFINITE_RECURSION = YES;
				CLANG_WARN_INT_CONVERSION = YES;
				CLANG_WARN_NON_LITERAL_NULL_CONVERSION = YES;
				CLANG_WARN_OBJC_LITERAL_CONVERSION = YES;
				CLANG_WARN_OBJC_ROOT_CLASS = YES_ERROR;
				CLANG_WARN_RANGE_LOOP_ANALYSIS = YES;
				CLANG_WARN_STRICT_PROTOTYPES = YES;
				CLANG_WARN_SUSPICIOUS_MOVE = YES;
				CLANG_WARN_UNGUARDED_AVAILABILITY = YES_AGGRESSIVE;
				CLANG_WARN_UNREACHABLE_CODE = YES;
				CLANG_WARN__DUPLICATE_METHOD_MATCH = YES;
				CODE_SIGN_IDENTITY = "iPhone Developer";
				COPY_PHASE_STRIP = NO;
				DEBUG_INFORMATION_FORMAT = dwarf;
				ENABLE_STRICT_OBJC_MSGSEND = YES;
				ENABLE_TESTABILITY = YES;
				GCC_C_LANGUAGE_STANDARD = gnu11;
				GCC_DYNAMIC_NO_PIC = NO;
				GCC_NO_COMMON_BLOCKS = YES;
				GCC_OPTIMIZATION_LEVEL = 0;
				GCC_PREPROCESSOR_DEFINITIONS = (
					"DEBUG=1",
					"$(inherited)",
				);
				GCC_WARN_64_TO_32_BIT_CONVERSION = YES;
				GCC_WARN_ABOUT_RETURN_TYPE = YES_ERROR;
				GCC_WARN_UNDECLARED_SELECTOR = YES;
				GCC_WARN_UNINITIALIZED_AUTOS = YES_AGGRESSIVE;
				GCC_WARN_UNUSED_FUNCTION = YES;
				GCC_WARN_UNUSED_VARIABLE = YES;
				IPHONEOS_DEPLOYMENT_TARGET = 9.0;
				MTL_ENABLE_DEBUG_INFO = YES;
				ONLY_ACTIVE_ARCH = YES;
				SDKROOT = iphoneos;
				SWIFT_ACTIVE_COMPILATION_CONDITIONS = DEBUG;
				SWIFT_OPTIMIZATION_LEVEL = "-Onone";
			};
			name = Debug;
		};
		CA84873D1FC84FD200396309 /* Release */ = {
			isa = XCBuildConfiguration;
			buildSettings = {
				ALWAYS_SEARCH_USER_PATHS = NO;
				CLANG_ANALYZER_NONNULL = YES;
				CLANG_ANALYZER_NUMBER_OBJECT_CONVERSION = YES_AGGRESSIVE;
				CLANG_CXX_LANGUAGE_STANDARD = "gnu++14";
				CLANG_CXX_LIBRARY = "libc++";
				CLANG_ENABLE_MODULES = YES;
				CLANG_ENABLE_OBJC_ARC = YES;
				CLANG_WARN_BLOCK_CAPTURE_AUTORELEASING = YES;
				CLANG_WARN_BOOL_CONVERSION = YES;
				CLANG_WARN_COMMA = YES;
				CLANG_WARN_CONSTANT_CONVERSION = YES;
				CLANG_WARN_DIRECT_OBJC_ISA_USAGE = YES_ERROR;
				CLANG_WARN_DOCUMENTATION_COMMENTS = YES;
				CLANG_WARN_EMPTY_BODY = YES;
				CLANG_WARN_ENUM_CONVERSION = YES;
				CLANG_WARN_INFINITE_RECURSION = YES;
				CLANG_WARN_INT_CONVERSION = YES;
				CLANG_WARN_NON_LITERAL_NULL_CONVERSION = YES;
				CLANG_WARN_OBJC_LITERAL_CONVERSION = YES;
				CLANG_WARN_OBJC_ROOT_CLASS = YES_ERROR;
				CLANG_WARN_RANGE_LOOP_ANALYSIS = YES;
				CLANG_WARN_STRICT_PROTOTYPES = YES;
				CLANG_WARN_SUSPICIOUS_MOVE = YES;
				CLANG_WARN_UNGUARDED_AVAILABILITY = YES_AGGRESSIVE;
				CLANG_WARN_UNREACHABLE_CODE = YES;
				CLANG_WARN__DUPLICATE_METHOD_MATCH = YES;
				CODE_SIGN_IDENTITY = "iPhone Developer";
				COPY_PHASE_STRIP = NO;
				DEBUG_INFORMATION_FORMAT = "dwarf-with-dsym";
				ENABLE_NS_ASSERTIONS = NO;
				ENABLE_STRICT_OBJC_MSGSEND = YES;
				GCC_C_LANGUAGE_STANDARD = gnu11;
				GCC_NO_COMMON_BLOCKS = YES;
				GCC_WARN_64_TO_32_BIT_CONVERSION = YES;
				GCC_WARN_ABOUT_RETURN_TYPE = YES_ERROR;
				GCC_WARN_UNDECLARED_SELECTOR = YES;
				GCC_WARN_UNINITIALIZED_AUTOS = YES_AGGRESSIVE;
				GCC_WARN_UNUSED_FUNCTION = YES;
				GCC_WARN_UNUSED_VARIABLE = YES;
				IPHONEOS_DEPLOYMENT_TARGET = 9.0;
				MTL_ENABLE_DEBUG_INFO = NO;
				SDKROOT = iphoneos;
				SWIFT_OPTIMIZATION_LEVEL = "-Owholemodule";
				VALIDATE_PRODUCT = YES;
			};
			name = Release;
		};
		CA84873F1FC84FD200396309 /* Debug */ = {
			isa = XCBuildConfiguration;
			buildSettings = {
				ASSETCATALOG_COMPILER_APPICON_NAME = AppIcon;
				CODE_SIGN_STYLE = Automatic;
				INFOPLIST_FILE = "Introduction to Notifications/Info.plist";
				IPHONEOS_DEPLOYMENT_TARGET = 9.0;
				LD_RUNPATH_SEARCH_PATHS = "$(inherited) @executable_path/Frameworks";
				PRODUCT_BUNDLE_IDENTIFIER = "moitinhoneto.Introduction-to-Notifications";
				PRODUCT_NAME = "$(TARGET_NAME)";
				SWIFT_VERSION = 4.0;
				TARGETED_DEVICE_FAMILY = "1,2";
			};
			name = Debug;
		};
		CA8487401FC84FD200396309 /* Release */ = {
			isa = XCBuildConfiguration;
			buildSettings = {
				ASSETCATALOG_COMPILER_APPICON_NAME = AppIcon;
				CODE_SIGN_STYLE = Automatic;
				INFOPLIST_FILE = "Introduction to Notifications/Info.plist";
				IPHONEOS_DEPLOYMENT_TARGET = 9.0;
				LD_RUNPATH_SEARCH_PATHS = "$(inherited) @executable_path/Frameworks";
				PRODUCT_BUNDLE_IDENTIFIER = "moitinhoneto.Introduction-to-Notifications";
				PRODUCT_NAME = "$(TARGET_NAME)";
				SWIFT_VERSION = 4.0;
				TARGETED_DEVICE_FAMILY = "1,2";
			};
			name = Release;
		};
/* End XCBuildConfiguration section */

/* Begin XCConfigurationList section */
		CA8487271FC84FD200396309 /* Build configuration list for PBXProject "Introduction to Notifications" */ = {
			isa = XCConfigurationList;
			buildConfigurations = (
				CA84873C1FC84FD200396309 /* Debug */,
				CA84873D1FC84FD200396309 /* Release */,
			);
			defaultConfigurationIsVisible = 0;
			defaultConfigurationName = Release;
		};
		CA84873E1FC84FD200396309 /* Build configuration list for PBXNativeTarget "Introduction to Notifications" */ = {
			isa = XCConfigurationList;
			buildConfigurations = (
				CA84873F1FC84FD200396309 /* Debug */,
				CA8487401FC84FD200396309 /* Release */,
			);
			defaultConfigurationIsVisible = 0;
			defaultConfigurationName = Release;
		};
/* End XCConfigurationList section */
	};
	rootObject = CA8487241FC84FD200396309 /* Project object */;
}
